// !$*UTF8*$!
{
	archiveVersion = 1;
	classes = {
	};
	objectVersion = 48;
	objects = {

/* Begin PBXBuildFile section */
		EAA43DCF202A345A002BF063 /* AppDelegate.swift in Sources */ = {isa = PBXBuildFile; fileRef = EAA43DCE202A345A002BF063 /* AppDelegate.swift */; };
		EAA43DD1202A345A002BF063 /* ViewController.swift in Sources */ = {isa = PBXBuildFile; fileRef = EAA43DD0202A345A002BF063 /* ViewController.swift */; };
		EAA43DD4202A345A002BF063 /* Main.storyboard in Resources */ = {isa = PBXBuildFile; fileRef = EAA43DD2202A345A002BF063 /* Main.storyboard */; };
		EAA43DD6202A345A002BF063 /* Assets.xcassets in Resources */ = {isa = PBXBuildFile; fileRef = EAA43DD5202A345A002BF063 /* Assets.xcassets */; };
		EAA43DD9202A345A002BF063 /* LaunchScreen.storyboard in Resources */ = {isa = PBXBuildFile; fileRef = EAA43DD7202A345A002BF063 /* LaunchScreen.storyboard */; };
		EAA43DE1202A3489002BF063 /* CardData.json in Resources */ = {isa = PBXBuildFile; fileRef = EAA43DE0202A3489002BF063 /* CardData.json */; };
		EAA43DE3202A34B5002BF063 /* Model.swift in Sources */ = {isa = PBXBuildFile; fileRef = EAA43DE2202A34B5002BF063 /* Model.swift */; };
		EAA43DE5202A354B002BF063 /* Card.swift in Sources */ = {isa = PBXBuildFile; fileRef = EAA43DE4202A354B002BF063 /* Card.swift */; };
/* End PBXBuildFile section */

/* Begin PBXFileReference section */
		EAA43DCB202A345A002BF063 /* Virtual Rolodex.app */ = {isa = PBXFileReference; explicitFileType = wrapper.application; includeInIndex = 0; path = "Virtual Rolodex.app"; sourceTree = BUILT_PRODUCTS_DIR; };
		EAA43DCE202A345A002BF063 /* AppDelegate.swift */ = {isa = PBXFileReference; lastKnownFileType = sourcecode.swift; path = AppDelegate.swift; sourceTree = "<group>"; };
		EAA43DD0202A345A002BF063 /* ViewController.swift */ = {isa = PBXFileReference; lastKnownFileType = sourcecode.swift; path = ViewController.swift; sourceTree = "<group>"; };
		EAA43DD3202A345A002BF063 /* Base */ = {isa = PBXFileReference; lastKnownFileType = file.storyboard; name = Base; path = Base.lproj/Main.storyboard; sourceTree = "<group>"; };
		EAA43DD5202A345A002BF063 /* Assets.xcassets */ = {isa = PBXFileReference; lastKnownFileType = folder.assetcatalog; path = Assets.xcassets; sourceTree = "<group>"; };
		EAA43DD8202A345A002BF063 /* Base */ = {isa = PBXFileReference; lastKnownFileType = file.storyboard; name = Base; path = Base.lproj/LaunchScreen.storyboard; sourceTree = "<group>"; };
		EAA43DDA202A345A002BF063 /* Info.plist */ = {isa = PBXFileReference; lastKnownFileType = text.plist.xml; path = Info.plist; sourceTree = "<group>"; };
		EAA43DE0202A3489002BF063 /* CardData.json */ = {isa = PBXFileReference; fileEncoding = 4; lastKnownFileType = text.json; path = CardData.json; sourceTree = "<group>"; };
		EAA43DE2202A34B5002BF063 /* Model.swift */ = {isa = PBXFileReference; lastKnownFileType = sourcecode.swift; path = Model.swift; sourceTree = "<group>"; };
		EAA43DE4202A354B002BF063 /* Card.swift */ = {isa = PBXFileReference; lastKnownFileType = sourcecode.swift; path = Card.swift; sourceTree = "<group>"; };
/* End PBXFileReference section */

/* Begin PBXFrameworksBuildPhase section */
		EAA43DC8202A345A002BF063 /* Frameworks */ = {
			isa = PBXFrameworksBuildPhase;
			buildActionMask = 2147483647;
			files = (
			);
			runOnlyForDeploymentPostprocessing = 0;
		};
/* End PBXFrameworksBuildPhase section */

/* Begin PBXGroup section */
		EAA43DC2202A345A002BF063 = {
			isa = PBXGroup;
			children = (
				EAA43DCD202A345A002BF063 /* Virtual Rolodex */,
				EAA43DCC202A345A002BF063 /* Products */,
			);
			sourceTree = "<group>";
		};
		EAA43DCC202A345A002BF063 /* Products */ = {
			isa = PBXGroup;
			children = (
				EAA43DCB202A345A002BF063 /* Virtual Rolodex.app */,
			);
			name = Products;
			sourceTree = "<group>";
		};
		EAA43DCD202A345A002BF063 /* Virtual Rolodex */ = {
			isa = PBXGroup;
			children = (
				EAA43DCE202A345A002BF063 /* AppDelegate.swift */,
				EAA43DD0202A345A002BF063 /* ViewController.swift */,
				EAA43DD2202A345A002BF063 /* Main.storyboard */,
				EAA43DD5202A345A002BF063 /* Assets.xcassets */,
				EAA43DD7202A345A002BF063 /* LaunchScreen.storyboard */,
				EAA43DDA202A345A002BF063 /* Info.plist */,
				EAA43DE0202A3489002BF063 /* CardData.json */,
				EAA43DE2202A34B5002BF063 /* Model.swift */,
				EAA43DE4202A354B002BF063 /* Card.swift */,
			);
			path = "Virtual Rolodex";
			sourceTree = "<group>";
		};
/* End PBXGroup section */

/* Begin PBXNativeTarget section */
		EAA43DCA202A345A002BF063 /* Virtual Rolodex */ = {
			isa = PBXNativeTarget;
			buildConfigurationList = EAA43DDD202A345A002BF063 /* Build configuration list for PBXNativeTarget "Virtual Rolodex" */;
			buildPhases = (
				EAA43DC7202A345A002BF063 /* Sources */,
				EAA43DC8202A345A002BF063 /* Frameworks */,
				EAA43DC9202A345A002BF063 /* Resources */,
			);
			buildRules = (
			);
			dependencies = (
			);
			name = "Virtual Rolodex";
			productName = "Virtual Rolodex";
			productReference = EAA43DCB202A345A002BF063 /* Virtual Rolodex.app */;
			productType = "com.apple.product-type.application";
		};
/* End PBXNativeTarget section */

/* Begin PBXProject section */
		EAA43DC3202A345A002BF063 /* Project object */ = {
			isa = PBXProject;
			attributes = {
				LastSwiftUpdateCheck = 0920;
				LastUpgradeCheck = 0920;
				ORGANIZATIONNAME = "Jamie Nguyen";
				TargetAttributes = {
					EAA43DCA202A345A002BF063 = {
						CreatedOnToolsVersion = 9.2;
						ProvisioningStyle = Automatic;
					};
				};
			};
			buildConfigurationList = EAA43DC6202A345A002BF063 /* Build configuration list for PBXProject "Virtual Rolodex" */;
			compatibilityVersion = "Xcode 8.0";
			developmentRegion = en;
			hasScannedForEncodings = 0;
			knownRegions = (
				en,
				Base,
			);
			mainGroup = EAA43DC2202A345A002BF063;
			productRefGroup = EAA43DCC202A345A002BF063 /* Products */;
			projectDirPath = "";
			projectRoot = "";
			targets = (
				EAA43DCA202A345A002BF063 /* Virtual Rolodex */,
			);
		};
/* End PBXProject section */

/* Begin PBXResourcesBuildPhase section */
		EAA43DC9202A345A002BF063 /* Resources */ = {
			isa = PBXResourcesBuildPhase;
			buildActionMask = 2147483647;
			files = (
				EAA43DD9202A345A002BF063 /* LaunchScreen.storyboard in Resources */,
				EAA43DD6202A345A002BF063 /* Assets.xcassets in Resources */,
				EAA43DE1202A3489002BF063 /* CardData.json in Resources */,
				EAA43DD4202A345A002BF063 /* Main.storyboard in Resources */,
			);
			runOnlyForDeploymentPostprocessing = 0;
		};
/* End PBXResourcesBuildPhase section */

/* Begin PBXSourcesBuildPhase section */
		EAA43DC7202A345A002BF063 /* Sources */ = {
			isa = PBXSourcesBuildPhase;
			buildActionMask = 2147483647;
			files = (
				EAA43DE3202A34B5002BF063 /* Model.swift in Sources */,
				EAA43DD1202A345A002BF063 /* ViewController.swift in Sources */,
				EAA43DCF202A345A002BF063 /* AppDelegate.swift in Sources */,
				EAA43DE5202A354B002BF063 /* Card.swift in Sources */,
			);
			runOnlyForDeploymentPostprocessing = 0;
		};
/* End PBXSourcesBuildPhase section */

/* Begin PBXVariantGroup section */
		EAA43DD2202A345A002BF063 /* Main.storyboard */ = {
			isa = PBXVariantGroup;
			children = (
				EAA43DD3202A345A002BF063 /* Base */,
			);
			name = Main.storyboard;
			sourceTree = "<group>";
		};
		EAA43DD7202A345A002BF063 /* LaunchScreen.storyboard */ = {
			isa = PBXVariantGroup;
			children = (
				EAA43DD8202A345A002BF063 /* Base */,
			);
			name = LaunchScreen.storyboard;
			sourceTree = "<group>";
		};
/* End PBXVariantGroup section */

/* Begin XCBuildConfiguration section */
		EAA43DDB202A345A002BF063 /* Debug */ = {
			isa = XCBuildConfiguration;
			buildSettings = {
				ALWAYS_SEARCH_USER_PATHS = NO;
				CLANG_ANALYZER_NONNULL = YES;
				CLANG_ANALYZER_NUMBER_OBJECT_CONVERSION = YES_AGGRESSIVE;
				CLANG_CXX_LANGUAGE_STANDARD = "gnu++14";
				CLANG_CXX_LIBRARY = "libc++";
				CLANG_ENABLE_MODULES = YES;
				CLANG_ENABLE_OBJC_ARC = YES;
				CLANG_WARN_BLOCK_CAPTURE_AUTORELEASING = YES;
				CLANG_WARN_BOOL_CONVERSION = YES;
				CLANG_WARN_COMMA = YES;
				CLANG_WARN_CONSTANT_CONVERSION = YES;
				CLANG_WARN_DIRECT_OBJC_ISA_USAGE = YES_ERROR;
				CLANG_WARN_DOCUMENTATION_COMMENTS = YES;
				CLANG_WARN_EMPTY_BODY = YES;
				CLANG_WARN_ENUM_CONVERSION = YES;
				CLANG_WARN_INFINITE_RECURSION = YES;
				CLANG_WARN_INT_CONVERSION = YES;
				CLANG_WARN_NON_LITERAL_NULL_CONVERSION = YES;
				CLANG_WARN_OBJC_LITERAL_CONVERSION = YES;
				CLANG_WARN_OBJC_ROOT_CLASS = YES_ERROR;
				CLANG_WARN_RANGE_LOOP_ANALYSIS = YES;
				CLANG_WARN_STRICT_PROTOTYPES = YES;
				CLANG_WARN_SUSPICIOUS_MOVE = YES;
				CLANG_WARN_UNGUARDED_AVAILABILITY = YES_AGGRESSIVE;
				CLANG_WARN_UNREACHABLE_CODE = YES;
				CLANG_WARN__DUPLICATE_METHOD_MATCH = YES;
				CODE_SIGN_IDENTITY = "iPhone Developer";
				COPY_PHASE_STRIP = NO;
				DEBUG_INFORMATION_FORMAT = dwarf;
				ENABLE_STRICT_OBJC_MSGSEND = YES;
				ENABLE_TESTABILITY = YES;
				GCC_C_LANGUAGE_STANDARD = gnu11;
				GCC_DYNAMIC_NO_PIC = NO;
				GCC_NO_COMMON_BLOCKS = YES;
				GCC_OPTIMIZATION_LEVEL = 0;
				GCC_PREPROCESSOR_DEFINITIONS = (
					"DEBUG=1",
					"$(inherited)",
				);
				GCC_WARN_64_TO_32_BIT_CONVERSION = YES;
				GCC_WARN_ABOUT_RETURN_TYPE = YES_ERROR;
				GCC_WARN_UNDECLARED_SELECTOR = YES;
				GCC_WARN_UNINITIALIZED_AUTOS = YES_AGGRESSIVE;
				GCC_WARN_UNUSED_FUNCTION = YES;
				GCC_WARN_UNUSED_VARIABLE = YES;
				IPHONEOS_DEPLOYMENT_TARGET = 11.2;
				MTL_ENABLE_DEBUG_INFO = YES;
				ONLY_ACTIVE_ARCH = YES;
				SDKROOT = iphoneos;
				SWIFT_ACTIVE_COMPILATION_CONDITIONS = DEBUG;
				SWIFT_OPTIMIZATION_LEVEL = "-Onone";
			};
			name = Debug;
		};
		EAA43DDC202A345A002BF063 /* Release */ = {
			isa = XCBuildConfiguration;
			buildSettings = {
				ALWAYS_SEARCH_USER_PATHS = NO;
				CLANG_ANALYZER_NONNULL = YES;
				CLANG_ANALYZER_NUMBER_OBJECT_CONVERSION = YES_AGGRESSIVE;
				CLANG_CXX_LANGUAGE_STANDARD = "gnu++14";
				CLANG_CXX_LIBRARY = "libc++";
				CLANG_ENABLE_MODULES = YES;
				CLANG_ENABLE_OBJC_ARC = YES;
				CLANG_WARN_BLOCK_CAPTURE_AUTORELEASING = YES;
				CLANG_WARN_BOOL_CONVERSION = YES;
				CLANG_WARN_COMMA = YES;
				CLANG_WARN_CONSTANT_CONVERSION = YES;
				CLANG_WARN_DIRECT_OBJC_ISA_USAGE = YES_ERROR;
				CLANG_WARN_DOCUMENTATION_COMMENTS = YES;
				CLANG_WARN_EMPTY_BODY = YES;
				CLANG_WARN_ENUM_CONVERSION = YES;
				CLANG_WARN_INFINITE_RECURSION = YES;
				CLANG_WARN_INT_CONVERSION = YES;
				CLANG_WARN_NON_LITERAL_NULL_CONVERSION = YES;
				CLANG_WARN_OBJC_LITERAL_CONVERSION = YES;
				CLANG_WARN_OBJC_ROOT_CLASS = YES_ERROR;
				CLANG_WARN_RANGE_LOOP_ANALYSIS = YES;
				CLANG_WARN_STRICT_PROTOTYPES = YES;
				CLANG_WARN_SUSPICIOUS_MOVE = YES;
				CLANG_WARN_UNGUARDED_AVAILABILITY = YES_AGGRESSIVE;
				CLANG_WARN_UNREACHABLE_CODE = YES;
				CLANG_WARN__DUPLICATE_METHOD_MATCH = YES;
				CODE_SIGN_IDENTITY = "iPhone Developer";
				COPY_PHASE_STRIP = NO;
				DEBUG_INFORMATION_FORMAT = "dwarf-with-dsym";
				ENABLE_NS_ASSERTIONS = NO;
				ENABLE_STRICT_OBJC_MSGSEND = YES;
				GCC_C_LANGUAGE_STANDARD = gnu11;
				GCC_NO_COMMON_BLOCKS = YES;
				GCC_WARN_64_TO_32_BIT_CONVERSION = YES;
				GCC_WARN_ABOUT_RETURN_TYPE = YES_ERROR;
				GCC_WARN_UNDECLARED_SELECTOR = YES;
				GCC_WARN_UNINITIALIZED_AUTOS = YES_AGGRESSIVE;
				GCC_WARN_UNUSED_FUNCTION = YES;
				GCC_WARN_UNUSED_VARIABLE = YES;
				IPHONEOS_DEPLOYMENT_TARGET = 11.2;
				MTL_ENABLE_DEBUG_INFO = NO;
				SDKROOT = iphoneos;
				SWIFT_OPTIMIZATION_LEVEL = "-Owholemodule";
				VALIDATE_PRODUCT = YES;
			};
			name = Release;
		};
		EAA43DDE202A345A002BF063 /* Debug */ = {
			isa = XCBuildConfiguration;
			buildSettings = {
				ASSETCATALOG_COMPILER_APPICON_NAME = AppIcon;
				CODE_SIGN_STYLE = Automatic;
				DEVELOPMENT_TEAM = A8UXD77547;
				INFOPLIST_FILE = "Virtual Rolodex/Info.plist";
				LD_RUNPATH_SEARCH_PATHS = "$(inherited) @executable_path/Frameworks";
				PRODUCT_BUNDLE_IDENTIFIER = "Udacity.JamieNguyen.Virtual-Rolodex";
				PRODUCT_NAME = "$(TARGET_NAME)";
				SWIFT_VERSION = 4.0;
				TARGETED_DEVICE_FAMILY = "1,2";
			};
			name = Debug;
		};
		EAA43DDF202A345A002BF063 /* Release */ = {
			isa = XCBuildConfiguration;
			buildSettings = {
				ASSETCATALOG_COMPILER_APPICON_NAME = AppIcon;
				CODE_SIGN_STYLE = Automatic;
				DEVELOPMENT_TEAM = A8UXD77547;
				INFOPLIST_FILE = "Virtual Rolodex/Info.plist";
				LD_RUNPATH_SEARCH_PATHS = "$(inherited) @executable_path/Frameworks";
				PRODUCT_BUNDLE_IDENTIFIER = "Udacity.JamieNguyen.Virtual-Rolodex";
				PRODUCT_NAME = "$(TARGET_NAME)";
				SWIFT_VERSION = 4.0;
				TARGETED_DEVICE_FAMILY = "1,2";
			};
			name = Release;
		};
/* End XCBuildConfiguration section */

/* Begin XCConfigurationList section */
		EAA43DC6202A345A002BF063 /* Build configuration list for PBXProject "Virtual Rolodex" */ = {
			isa = XCConfigurationList;
			buildConfigurations = (
				EAA43DDB202A345A002BF063 /* Debug */,
				EAA43DDC202A345A002BF063 /* Release */,
			);
			defaultConfigurationIsVisible = 0;
			defaultConfigurationName = Release;
		};
		EAA43DDD202A345A002BF063 /* Build configuration list for PBXNativeTarget "Virtual Rolodex" */ = {
			isa = XCConfigurationList;
			buildConfigurations = (
				EAA43DDE202A345A002BF063 /* Debug */,
				EAA43DDF202A345A002BF063 /* Release */,
			);
			defaultConfigurationIsVisible = 0;
			defaultConfigurationName = Release;
		};
/* End XCConfigurationList section */
	};
	rootObject = EAA43DC3202A345A002BF063 /* Project object */;
}
